// !$*UTF8*$!
{
	archiveVersion = 1;
	classes = {
	};
	objectVersion = 50;
	objects = {

/* Begin PBXBuildFile section */
		5ADA426123DFEACF00C92A83 /* AppDelegate.swift in Sources */ = {isa = PBXBuildFile; fileRef = 5ADA426023DFEACF00C92A83 /* AppDelegate.swift */; };
		5ADA426323DFEACF00C92A83 /* SceneDelegate.swift in Sources */ = {isa = PBXBuildFile; fileRef = 5ADA426223DFEACF00C92A83 /* SceneDelegate.swift */; };
		5ADA426523DFEACF00C92A83 /* StarsViewController.swift in Sources */ = {isa = PBXBuildFile; fileRef = 5ADA426423DFEACF00C92A83 /* StarsViewController.swift */; };
		5ADA426823DFEACF00C92A83 /* Main.storyboard in Resources */ = {isa = PBXBuildFile; fileRef = 5ADA426623DFEACF00C92A83 /* Main.storyboard */; };
		5ADA426A23DFEAD000C92A83 /* Assets.xcassets in Resources */ = {isa = PBXBuildFile; fileRef = 5ADA426923DFEAD000C92A83 /* Assets.xcassets */; };
		5ADA426D23DFEAD000C92A83 /* LaunchScreen.storyboard in Resources */ = {isa = PBXBuildFile; fileRef = 5ADA426B23DFEAD000C92A83 /* LaunchScreen.storyboard */; };
		5ADA427523DFF81700C92A83 /* Star.swift in Sources */ = {isa = PBXBuildFile; fileRef = 5ADA427423DFF81700C92A83 /* Star.swift */; };
		5ADA427823DFF8E400C92A83 /* StarController.swift in Sources */ = {isa = PBXBuildFile; fileRef = 5ADA427723DFF8E400C92A83 /* StarController.swift */; };
		5ADA427B23E0002600C92A83 /* StarTableViewCell.swift in Sources */ = {isa = PBXBuildFile; fileRef = 5ADA427A23E0002600C92A83 /* StarTableViewCell.swift */; };
/* End PBXBuildFile section */

/* Begin PBXFileReference section */
		5ADA425D23DFEACF00C92A83 /* Starz.app */ = {isa = PBXFileReference; explicitFileType = wrapper.application; includeInIndex = 0; path = Starz.app; sourceTree = BUILT_PRODUCTS_DIR; };
		5ADA426023DFEACF00C92A83 /* AppDelegate.swift */ = {isa = PBXFileReference; lastKnownFileType = sourcecode.swift; path = AppDelegate.swift; sourceTree = "<group>"; };
		5ADA426223DFEACF00C92A83 /* SceneDelegate.swift */ = {isa = PBXFileReference; lastKnownFileType = sourcecode.swift; path = SceneDelegate.swift; sourceTree = "<group>"; };
		5ADA426423DFEACF00C92A83 /* StarsViewController.swift */ = {isa = PBXFileReference; lastKnownFileType = sourcecode.swift; path = StarsViewController.swift; sourceTree = "<group>"; };
		5ADA426723DFEACF00C92A83 /* Base */ = {isa = PBXFileReference; lastKnownFileType = file.storyboard; name = Base; path = Base.lproj/Main.storyboard; sourceTree = "<group>"; };
		5ADA426923DFEAD000C92A83 /* Assets.xcassets */ = {isa = PBXFileReference; lastKnownFileType = folder.assetcatalog; path = Assets.xcassets; sourceTree = "<group>"; };
		5ADA426C23DFEAD000C92A83 /* Base */ = {isa = PBXFileReference; lastKnownFileType = file.storyboard; name = Base; path = Base.lproj/LaunchScreen.storyboard; sourceTree = "<group>"; };
		5ADA426E23DFEAD000C92A83 /* Info.plist */ = {isa = PBXFileReference; lastKnownFileType = text.plist.xml; path = Info.plist; sourceTree = "<group>"; };
		5ADA427423DFF81700C92A83 /* Star.swift */ = {isa = PBXFileReference; lastKnownFileType = sourcecode.swift; path = Star.swift; sourceTree = "<group>"; };
		5ADA427723DFF8E400C92A83 /* StarController.swift */ = {isa = PBXFileReference; lastKnownFileType = sourcecode.swift; path = StarController.swift; sourceTree = "<group>"; };
		5ADA427A23E0002600C92A83 /* StarTableViewCell.swift */ = {isa = PBXFileReference; lastKnownFileType = sourcecode.swift; path = StarTableViewCell.swift; sourceTree = "<group>"; };
/* End PBXFileReference section */

/* Begin PBXFrameworksBuildPhase section */
		5ADA425A23DFEACF00C92A83 /* Frameworks */ = {
			isa = PBXFrameworksBuildPhase;
			buildActionMask = 2147483647;
			files = (
			);
			runOnlyForDeploymentPostprocessing = 0;
		};
/* End PBXFrameworksBuildPhase section */

/* Begin PBXGroup section */
		5ADA425423DFEACF00C92A83 = {
			isa = PBXGroup;
			children = (
				5ADA425F23DFEACF00C92A83 /* Starz */,
				5ADA425E23DFEACF00C92A83 /* Products */,
			);
			sourceTree = "<group>";
		};
		5ADA425E23DFEACF00C92A83 /* Products */ = {
			isa = PBXGroup;
			children = (
				5ADA425D23DFEACF00C92A83 /* Starz.app */,
			);
			name = Products;
			sourceTree = "<group>";
		};
		5ADA425F23DFEACF00C92A83 /* Starz */ = {
			isa = PBXGroup;
			children = (
				5ADA426023DFEACF00C92A83 /* AppDelegate.swift */,
				5ADA426223DFEACF00C92A83 /* SceneDelegate.swift */,
				5ADA426423DFEACF00C92A83 /* StarsViewController.swift */,
				5ADA427A23E0002600C92A83 /* StarTableViewCell.swift */,
				5ADA426623DFEACF00C92A83 /* Main.storyboard */,
				5ADA427923DFF9AA00C92A83 /* Controllers */,
				5ADA427623DFF8B500C92A83 /* Model */,
				5ADA426923DFEAD000C92A83 /* Assets.xcassets */,
				5ADA426B23DFEAD000C92A83 /* LaunchScreen.storyboard */,
				5ADA426E23DFEAD000C92A83 /* Info.plist */,
			);
			path = Starz;
			sourceTree = "<group>";
		};
		5ADA427623DFF8B500C92A83 /* Model */ = {
			isa = PBXGroup;
			children = (
				5ADA427423DFF81700C92A83 /* Star.swift */,
			);
			path = Model;
			sourceTree = "<group>";
		};
		5ADA427923DFF9AA00C92A83 /* Controllers */ = {
			isa = PBXGroup;
			children = (
				5ADA427723DFF8E400C92A83 /* StarController.swift */,
			);
			path = Controllers;
			sourceTree = "<group>";
		};
/* End PBXGroup section */

/* Begin PBXNativeTarget section */
		5ADA425C23DFEACF00C92A83 /* Starz */ = {
			isa = PBXNativeTarget;
			buildConfigurationList = 5ADA427123DFEAD000C92A83 /* Build configuration list for PBXNativeTarget "Starz" */;
			buildPhases = (
				5ADA425923DFEACF00C92A83 /* Sources */,
				5ADA425A23DFEACF00C92A83 /* Frameworks */,
				5ADA425B23DFEACF00C92A83 /* Resources */,
			);
			buildRules = (
			);
			dependencies = (
			);
			name = Starz;
			productName = Starz;
			productReference = 5ADA425D23DFEACF00C92A83 /* Starz.app */;
			productType = "com.apple.product-type.application";
		};
/* End PBXNativeTarget section */

/* Begin PBXProject section */
		5ADA425523DFEACF00C92A83 /* Project object */ = {
			isa = PBXProject;
			attributes = {
				LastSwiftUpdateCheck = 1130;
				LastUpgradeCheck = 1130;
				ORGANIZATIONNAME = "Stephanie Ballard";
				TargetAttributes = {
					5ADA425C23DFEACF00C92A83 = {
						CreatedOnToolsVersion = 11.3.1;
					};
				};
			};
			buildConfigurationList = 5ADA425823DFEACF00C92A83 /* Build configuration list for PBXProject "Starz" */;
			compatibilityVersion = "Xcode 9.3";
			developmentRegion = en;
			hasScannedForEncodings = 0;
			knownRegions = (
				en,
				Base,
			);
			mainGroup = 5ADA425423DFEACF00C92A83;
			productRefGroup = 5ADA425E23DFEACF00C92A83 /* Products */;
			projectDirPath = "";
			projectRoot = "";
			targets = (
				5ADA425C23DFEACF00C92A83 /* Starz */,
			);
		};
/* End PBXProject section */

/* Begin PBXResourcesBuildPhase section */
		5ADA425B23DFEACF00C92A83 /* Resources */ = {
			isa = PBXResourcesBuildPhase;
			buildActionMask = 2147483647;
			files = (
				5ADA426D23DFEAD000C92A83 /* LaunchScreen.storyboard in Resources */,
				5ADA426A23DFEAD000C92A83 /* Assets.xcassets in Resources */,
				5ADA426823DFEACF00C92A83 /* Main.storyboard in Resources */,
			);
			runOnlyForDeploymentPostprocessing = 0;
		};
/* End PBXResourcesBuildPhase section */

/* Begin PBXSourcesBuildPhase section */
		5ADA425923DFEACF00C92A83 /* Sources */ = {
			isa = PBXSourcesBuildPhase;
			buildActionMask = 2147483647;
			files = (
				5ADA426523DFEACF00C92A83 /* StarsViewController.swift in Sources */,
				5ADA427B23E0002600C92A83 /* StarTableViewCell.swift in Sources */,
				5ADA426123DFEACF00C92A83 /* AppDelegate.swift in Sources */,
				5ADA427823DFF8E400C92A83 /* StarController.swift in Sources */,
				5ADA426323DFEACF00C92A83 /* SceneDelegate.swift in Sources */,
				5ADA427523DFF81700C92A83 /* Star.swift in Sources */,
			);
			runOnlyForDeploymentPostprocessing = 0;
		};
/* End PBXSourcesBuildPhase section */

/* Begin PBXVariantGroup section */
		5ADA426623DFEACF00C92A83 /* Main.storyboard */ = {
			isa = PBXVariantGroup;
			children = (
				5ADA426723DFEACF00C92A83 /* Base */,
			);
			name = Main.storyboard;
			sourceTree = "<group>";
		};
		5ADA426B23DFEAD000C92A83 /* LaunchScreen.storyboard */ = {
			isa = PBXVariantGroup;
			children = (
				5ADA426C23DFEAD000C92A83 /* Base */,
			);
			name = LaunchScreen.storyboard;
			sourceTree = "<group>";
		};
/* End PBXVariantGroup section */

/* Begin XCBuildConfiguration section */
		5ADA426F23DFEAD000C92A83 /* Debug */ = {
			isa = XCBuildConfiguration;
			buildSettings = {
				ALWAYS_SEARCH_USER_PATHS = NO;
				CLANG_ANALYZER_NONNULL = YES;
				CLANG_ANALYZER_NUMBER_OBJECT_CONVERSION = YES_AGGRESSIVE;
				CLANG_CXX_LANGUAGE_STANDARD = "gnu++14";
				CLANG_CXX_LIBRARY = "libc++";
				CLANG_ENABLE_MODULES = YES;
				CLANG_ENABLE_OBJC_ARC = YES;
				CLANG_ENABLE_OBJC_WEAK = YES;
				CLANG_WARN_BLOCK_CAPTURE_AUTORELEASING = YES;
				CLANG_WARN_BOOL_CONVERSION = YES;
				CLANG_WARN_COMMA = YES;
				CLANG_WARN_CONSTANT_CONVERSION = YES;
				CLANG_WARN_DEPRECATED_OBJC_IMPLEMENTATIONS = YES;
				CLANG_WARN_DIRECT_OBJC_ISA_USAGE = YES_ERROR;
				CLANG_WARN_DOCUMENTATION_COMMENTS = YES;
				CLANG_WARN_EMPTY_BODY = YES;
				CLANG_WARN_ENUM_CONVERSION = YES;
				CLANG_WARN_INFINITE_RECURSION = YES;
				CLANG_WARN_INT_CONVERSION = YES;
				CLANG_WARN_NON_LITERAL_NULL_CONVERSION = YES;
				CLANG_WARN_OBJC_IMPLICIT_RETAIN_SELF = YES;
				CLANG_WARN_OBJC_LITERAL_CONVERSION = YES;
				CLANG_WARN_OBJC_ROOT_CLASS = YES_ERROR;
				CLANG_WARN_RANGE_LOOP_ANALYSIS = YES;
				CLANG_WARN_STRICT_PROTOTYPES = YES;
				CLANG_WARN_SUSPICIOUS_MOVE = YES;
				CLANG_WARN_UNGUARDED_AVAILABILITY = YES_AGGRESSIVE;
				CLANG_WARN_UNREACHABLE_CODE = YES;
				CLANG_WARN__DUPLICATE_METHOD_MATCH = YES;
				COPY_PHASE_STRIP = NO;
				DEBUG_INFORMATION_FORMAT = dwarf;
				ENABLE_STRICT_OBJC_MSGSEND = YES;
				ENABLE_TESTABILITY = YES;
				GCC_C_LANGUAGE_STANDARD = gnu11;
				GCC_DYNAMIC_NO_PIC = NO;
				GCC_NO_COMMON_BLOCKS = YES;
				GCC_OPTIMIZATION_LEVEL = 0;
				GCC_PREPROCESSOR_DEFINITIONS = (
					"DEBUG=1",
					"$(inherited)",
				);
				GCC_WARN_64_TO_32_BIT_CONVERSION = YES;
				GCC_WARN_ABOUT_RETURN_TYPE = YES_ERROR;
				GCC_WARN_UNDECLARED_SELECTOR = YES;
				GCC_WARN_UNINITIALIZED_AUTOS = YES_AGGRESSIVE;
				GCC_WARN_UNUSED_FUNCTION = YES;
				GCC_WARN_UNUSED_VARIABLE = YES;
				IPHONEOS_DEPLOYMENT_TARGET = 13.2;
				MTL_ENABLE_DEBUG_INFO = INCLUDE_SOURCE;
				MTL_FAST_MATH = YES;
				ONLY_ACTIVE_ARCH = YES;
				SDKROOT = iphoneos;
				SWIFT_ACTIVE_COMPILATION_CONDITIONS = DEBUG;
				SWIFT_OPTIMIZATION_LEVEL = "-Onone";
			};
			name = Debug;
		};
		5ADA427023DFEAD000C92A83 /* Release */ = {
			isa = XCBuildConfiguration;
			buildSettings = {
				ALWAYS_SEARCH_USER_PATHS = NO;
				CLANG_ANALYZER_NONNULL = YES;
				CLANG_ANALYZER_NUMBER_OBJECT_CONVERSION = YES_AGGRESSIVE;
				CLANG_CXX_LANGUAGE_STANDARD = "gnu++14";
				CLANG_CXX_LIBRARY = "libc++";
				CLANG_ENABLE_MODULES = YES;
				CLANG_ENABLE_OBJC_ARC = YES;
				CLANG_ENABLE_OBJC_WEAK = YES;
				CLANG_WARN_BLOCK_CAPTURE_AUTORELEASING = YES;
				CLANG_WARN_BOOL_CONVERSION = YES;
				CLANG_WARN_COMMA = YES;
				CLANG_WARN_CONSTANT_CONVERSION = YES;
				CLANG_WARN_DEPRECATED_OBJC_IMPLEMENTATIONS = YES;
				CLANG_WARN_DIRECT_OBJC_ISA_USAGE = YES_ERROR;
				CLANG_WARN_DOCUMENTATION_COMMENTS = YES;
				CLANG_WARN_EMPTY_BODY = YES;
				CLANG_WARN_ENUM_CONVERSION = YES;
				CLANG_WARN_INFINITE_RECURSION = YES;
				CLANG_WARN_INT_CONVERSION = YES;
				CLANG_WARN_NON_LITERAL_NULL_CONVERSION = YES;
				CLANG_WARN_OBJC_IMPLICIT_RETAIN_SELF = YES;
				CLANG_WARN_OBJC_LITERAL_CONVERSION = YES;
				CLANG_WARN_OBJC_ROOT_CLASS = YES_ERROR;
				CLANG_WARN_RANGE_LOOP_ANALYSIS = YES;
				CLANG_WARN_STRICT_PROTOTYPES = YES;
				CLANG_WARN_SUSPICIOUS_MOVE = YES;
				CLANG_WARN_UNGUARDED_AVAILABILITY = YES_AGGRESSIVE;
				CLANG_WARN_UNREACHABLE_CODE = YES;
				CLANG_WARN__DUPLICATE_METHOD_MATCH = YES;
				COPY_PHASE_STRIP = NO;
				DEBUG_INFORMATION_FORMAT = "dwarf-with-dsym";
				ENABLE_NS_ASSERTIONS = NO;
				ENABLE_STRICT_OBJC_MSGSEND = YES;
				GCC_C_LANGUAGE_STANDARD = gnu11;
				GCC_NO_COMMON_BLOCKS = YES;
				GCC_WARN_64_TO_32_BIT_CONVERSION = YES;
				GCC_WARN_ABOUT_RETURN_TYPE = YES_ERROR;
				GCC_WARN_UNDECLARED_SELECTOR = YES;
				GCC_WARN_UNINITIALIZED_AUTOS = YES_AGGRESSIVE;
				GCC_WARN_UNUSED_FUNCTION = YES;
				GCC_WARN_UNUSED_VARIABLE = YES;
				IPHONEOS_DEPLOYMENT_TARGET = 13.2;
				MTL_ENABLE_DEBUG_INFO = NO;
				MTL_FAST_MATH = YES;
				SDKROOT = iphoneos;
				SWIFT_COMPILATION_MODE = wholemodule;
				SWIFT_OPTIMIZATION_LEVEL = "-O";
				VALIDATE_PRODUCT = YES;
			};
			name = Release;
		};
		5ADA427223DFEAD000C92A83 /* Debug */ = {
			isa = XCBuildConfiguration;
			buildSettings = {
				ASSETCATALOG_COMPILER_APPICON_NAME = AppIcon;
				CODE_SIGN_STYLE = Automatic;
				INFOPLIST_FILE = Starz/Info.plist;
				LD_RUNPATH_SEARCH_PATHS = (
					"$(inherited)",
					"@executable_path/Frameworks",
				);
				PRODUCT_BUNDLE_IDENTIFIER = com.StephanieBallard.Starz;
				PRODUCT_NAME = "$(TARGET_NAME)";
				SWIFT_VERSION = 5.0;
				TARGETED_DEVICE_FAMILY = "1,2";
			};
			name = Debug;
		};
		5ADA427323DFEAD000C92A83 /* Release */ = {
			isa = XCBuildConfiguration;
			buildSettings = {
				ASSETCATALOG_COMPILER_APPICON_NAME = AppIcon;
				CODE_SIGN_STYLE = Automatic;
				INFOPLIST_FILE = Starz/Info.plist;
				LD_RUNPATH_SEARCH_PATHS = (
					"$(inherited)",
					"@executable_path/Frameworks",
				);
				PRODUCT_BUNDLE_IDENTIFIER = com.StephanieBallard.Starz;
				PRODUCT_NAME = "$(TARGET_NAME)";
				SWIFT_VERSION = 5.0;
				TARGETED_DEVICE_FAMILY = "1,2";
			};
			name = Release;
		};
/* End XCBuildConfiguration section */

/* Begin XCConfigurationList section */
		5ADA425823DFEACF00C92A83 /* Build configuration list for PBXProject "Starz" */ = {
			isa = XCConfigurationList;
			buildConfigurations = (
				5ADA426F23DFEAD000C92A83 /* Debug */,
				5ADA427023DFEAD000C92A83 /* Release */,
			);
			defaultConfigurationIsVisible = 0;
			defaultConfigurationName = Release;
		};
		5ADA427123DFEAD000C92A83 /* Build configuration list for PBXNativeTarget "Starz" */ = {
			isa = XCConfigurationList;
			buildConfigurations = (
				5ADA427223DFEAD000C92A83 /* Debug */,
				5ADA427323DFEAD000C92A83 /* Release */,
			);
			defaultConfigurationIsVisible = 0;
			defaultConfigurationName = Release;
		};
/* End XCConfigurationList section */
	};
	rootObject = 5ADA425523DFEACF00C92A83 /* Project object */;
}
